<?xml version="1.0" encoding="utf-8"?>
<Project ToolsVersion="4.0" xmlns="http://schemas.microsoft.com/developer/msbuild/2003">
  <ItemGroup>
    <Filter Include="Source Files">
      <UniqueIdentifier>{eadead0e-cb51-483e-9b82-2319cee971a2}</UniqueIdentifier>
    </Filter>
  </ItemGroup>
  <ItemGroup>
    <ClCompile Include="src\showcase.cpp">
      <Filter>Source Files</Filter>
    </ClCompile>
  </ItemGroup>
  <ItemGroup>
    <ClInclude Include="src\boundedpolymorphism.hpp">
      <Filter>Source Files</Filter>
    </ClInclude>
    <ClInclude Include="src\overloaded.hpp">
      <Filter>Source Files</Filter>
    </ClInclude>
    <ClInclude Include="src\serializeable.hpp">
      <Filter>Source Files</Filter>
    </ClInclude>
    <ClInclude Include="src\serializers.hpp">
      <Filter>Source Files</Filter>
    </ClInclude>
  </ItemGroup>
</Project>